
Microsoft Visual Studio Solution File, Format Version 12.00
# Visual Studio Version 17
VisualStudioVersion = 17.6.33723.286
MinimumVisualStudioVersion = 10.0.40219.1
Project("{FAE04EC0-301F-11D3-BF4B-00C04F79EFBC}") = "Social_App", "Social_App.csproj", "{BFF8021C-2799-412B-86CB-B394C2901A52}"
EndProject
Global
	GlobalSection(SolutionConfigurationPlatforms) = preSolution
		Debug|Any CPU = Debug|Any CPU
		Release|Any CPU = Release|Any CPU
	EndGlobalSection
	GlobalSection(ProjectConfigurationPlatforms) = postSolution
		{BFF8021C-2799-412B-86CB-B394C2901A52}.Debug|Any CPU.ActiveCfg = Debug|Any CPU
		{BFF8021C-2799-412B-86CB-B394C2901A52}.Debug|Any CPU.Build.0 = Debug|Any CPU
		{BFF8021C-2799-412B-86CB-B394C2901A52}.Release|Any CPU.ActiveCfg = Release|Any CPU
		{BFF8021C-2799-412B-86CB-B394C2901A52}.Release|Any CPU.Build.0 = Release|Any CPU
	EndGlobalSection
	GlobalSection(SolutionProperties) = preSolution
		HideSolutionNode = FALSE
	EndGlobalSection
	GlobalSection(ExtensibilityGlobals) = postSolution
		SolutionGuid = {BB4B3002-A617-4CC8-86CA-27BAB5A7188A}
	EndGlobalSection
EndGlobal
